
Microsoft Visual Studio Solution File, Format Version 12.00
# Visual Studio Version 17
VisualStudioVersion = 17.4.33110.190
MinimumVisualStudioVersion = 10.0.40219.1
Project("{FAE04EC0-301F-11D3-BF4B-00C04F79EFBC}") = "LinkedListLastElement", "LinkedListLastElement.csproj", "{513B80EF-742B-4ECF-95D1-66DB7CE1FBE3}"
EndProject
Global
	GlobalSection(SolutionConfigurationPlatforms) = preSolution
		Debug|Any CPU = Debug|Any CPU
		Release|Any CPU = Release|Any CPU
	EndGlobalSection
	GlobalSection(ProjectConfigurationPlatforms) = postSolution
		{513B80EF-742B-4ECF-95D1-66DB7CE1FBE3}.Debug|Any CPU.ActiveCfg = Debug|Any CPU
		{513B80EF-742B-4ECF-95D1-66DB7CE1FBE3}.Debug|Any CPU.Build.0 = Debug|Any CPU
		{513B80EF-742B-4ECF-95D1-66DB7CE1FBE3}.Release|Any CPU.ActiveCfg = Release|Any CPU
		{513B80EF-742B-4ECF-95D1-66DB7CE1FBE3}.Release|Any CPU.Build.0 = Release|Any CPU
	EndGlobalSection
	GlobalSection(SolutionProperties) = preSolution
		HideSolutionNode = FALSE
	EndGlobalSection
	GlobalSection(ExtensibilityGlobals) = postSolution
		SolutionGuid = {2616CB7E-F7B7-4C83-9F8D-89F8BB155DEE}
	EndGlobalSection
EndGlobal
